
Microsoft Visual Studio Solution File, Format Version 12.00
# Visual Studio Version 17
VisualStudioVersion = 17.6.33815.320
MinimumVisualStudioVersion = 10.0.40219.1
Project("{9A19103F-16F7-4668-BE54-9A1E7A4F7556}") = "Ex8", "Ex8\Ex8.csproj", "{887C7928-DB7F-4548-9236-BC5430E14CB3}"
EndProject
Project("{FAE04EC0-301F-11D3-BF4B-00C04F79EFBC}") = "Ex9", "Ex9\Ex9.csproj", "{5FF2D072-F68D-4580-A2AA-60D44F9A7737}"
EndProject
Project("{FAE04EC0-301F-11D3-BF4B-00C04F79EFBC}") = "Ex10", "Ex10\Ex10.csproj", "{4076A9F3-8E1A-4AF4-8822-A71FC63BC83B}"
EndProject
Global
	GlobalSection(SolutionConfigurationPlatforms) = preSolution
		Debug|Any CPU = Debug|Any CPU
		Release|Any CPU = Release|Any CPU
	EndGlobalSection
	GlobalSection(ProjectConfigurationPlatforms) = postSolution
		{887C7928-DB7F-4548-9236-BC5430E14CB3}.Debug|Any CPU.ActiveCfg = Debug|Any CPU
		{887C7928-DB7F-4548-9236-BC5430E14CB3}.Debug|Any CPU.Build.0 = Debug|Any CPU
		{887C7928-DB7F-4548-9236-BC5430E14CB3}.Release|Any CPU.ActiveCfg = Release|Any CPU
		{887C7928-DB7F-4548-9236-BC5430E14CB3}.Release|Any CPU.Build.0 = Release|Any CPU
		{5FF2D072-F68D-4580-A2AA-60D44F9A7737}.Debug|Any CPU.ActiveCfg = Debug|Any CPU
		{5FF2D072-F68D-4580-A2AA-60D44F9A7737}.Debug|Any CPU.Build.0 = Debug|Any CPU
		{5FF2D072-F68D-4580-A2AA-60D44F9A7737}.Release|Any CPU.ActiveCfg = Release|Any CPU
		{5FF2D072-F68D-4580-A2AA-60D44F9A7737}.Release|Any CPU.Build.0 = Release|Any CPU
		{4076A9F3-8E1A-4AF4-8822-A71FC63BC83B}.Debug|Any CPU.ActiveCfg = Debug|Any CPU
		{4076A9F3-8E1A-4AF4-8822-A71FC63BC83B}.Debug|Any CPU.Build.0 = Debug|Any CPU
		{4076A9F3-8E1A-4AF4-8822-A71FC63BC83B}.Release|Any CPU.ActiveCfg = Release|Any CPU
		{4076A9F3-8E1A-4AF4-8822-A71FC63BC83B}.Release|Any CPU.Build.0 = Release|Any CPU
	EndGlobalSection
	GlobalSection(SolutionProperties) = preSolution
		HideSolutionNode = FALSE
	EndGlobalSection
	GlobalSection(ExtensibilityGlobals) = postSolution
		SolutionGuid = {7DB7C77B-A290-4B4D-95A9-D4155305DFF9}
	EndGlobalSection
EndGlobal
