
Microsoft Visual Studio Solution File, Format Version 12.00
# Visual Studio Version 17
VisualStudioVersion = 17.8.34330.188
MinimumVisualStudioVersion = 10.0.40219.1
Project("{FAE04EC0-301F-11D3-BF4B-00C04F79EFBC}") = "BaiTap2s19", "BaiTap2s19.csproj", "{F003D36F-94AA-4F37-9F19-E281642CEE3F}"
EndProject
Global
	GlobalSection(SolutionConfigurationPlatforms) = preSolution
		Debug|Any CPU = Debug|Any CPU
		Release|Any CPU = Release|Any CPU
	EndGlobalSection
	GlobalSection(ProjectConfigurationPlatforms) = postSolution
		{F003D36F-94AA-4F37-9F19-E281642CEE3F}.Debug|Any CPU.ActiveCfg = Debug|Any CPU
		{F003D36F-94AA-4F37-9F19-E281642CEE3F}.Debug|Any CPU.Build.0 = Debug|Any CPU
		{F003D36F-94AA-4F37-9F19-E281642CEE3F}.Release|Any CPU.ActiveCfg = Release|Any CPU
		{F003D36F-94AA-4F37-9F19-E281642CEE3F}.Release|Any CPU.Build.0 = Release|Any CPU
	EndGlobalSection
	GlobalSection(SolutionProperties) = preSolution
		HideSolutionNode = FALSE
	EndGlobalSection
	GlobalSection(ExtensibilityGlobals) = postSolution
		SolutionGuid = {68E127C5-89A5-40A8-ABC7-F181B720D8C9}
	EndGlobalSection
EndGlobal
