
Microsoft Visual Studio Solution File, Format Version 12.00
# Visual Studio Version 17
VisualStudioVersion = 17.8.34330.188
MinimumVisualStudioVersion = 10.0.40219.1
Project("{FAE04EC0-301F-11D3-BF4B-00C04F79EFBC}") = "BaiTap2s18", "BaiTap2s18.csproj", "{CBCD93F3-78C7-47E2-8A94-A22C3853C7FB}"
EndProject
Global
	GlobalSection(SolutionConfigurationPlatforms) = preSolution
		Debug|Any CPU = Debug|Any CPU
		Release|Any CPU = Release|Any CPU
	EndGlobalSection
	GlobalSection(ProjectConfigurationPlatforms) = postSolution
		{CBCD93F3-78C7-47E2-8A94-A22C3853C7FB}.Debug|Any CPU.ActiveCfg = Debug|Any CPU
		{CBCD93F3-78C7-47E2-8A94-A22C3853C7FB}.Debug|Any CPU.Build.0 = Debug|Any CPU
		{CBCD93F3-78C7-47E2-8A94-A22C3853C7FB}.Release|Any CPU.ActiveCfg = Release|Any CPU
		{CBCD93F3-78C7-47E2-8A94-A22C3853C7FB}.Release|Any CPU.Build.0 = Release|Any CPU
	EndGlobalSection
	GlobalSection(SolutionProperties) = preSolution
		HideSolutionNode = FALSE
	EndGlobalSection
	GlobalSection(ExtensibilityGlobals) = postSolution
		SolutionGuid = {CF24102B-A6B5-4A75-8FFA-57F8A93EE9AF}
	EndGlobalSection
EndGlobal
