
Microsoft Visual Studio Solution File, Format Version 12.00
# Visual Studio Version 17
VisualStudioVersion = 17.8.34330.188
MinimumVisualStudioVersion = 10.0.40219.1
Project("{9A19103F-16F7-4668-BE54-9A1E7A4F7556}") = "ListHocTapC_Sharp", "ListHocTapC_Sharp\ListHocTapC_Sharp.csproj", "{94194772-8485-4D98-9D85-9A55FF82CE9B}"
EndProject
Project("{FAE04EC0-301F-11D3-BF4B-00C04F79EFBC}") = "Buoi2_Object", "Buoi2_Object\Buoi2_Object.csproj", "{D47709D1-10C5-4305-BE20-7A7FABCB8145}"
EndProject
Global
	GlobalSection(SolutionConfigurationPlatforms) = preSolution
		Debug|Any CPU = Debug|Any CPU
		Release|Any CPU = Release|Any CPU
	EndGlobalSection
	GlobalSection(ProjectConfigurationPlatforms) = postSolution
		{94194772-8485-4D98-9D85-9A55FF82CE9B}.Debug|Any CPU.ActiveCfg = Debug|Any CPU
		{94194772-8485-4D98-9D85-9A55FF82CE9B}.Debug|Any CPU.Build.0 = Debug|Any CPU
		{94194772-8485-4D98-9D85-9A55FF82CE9B}.Release|Any CPU.ActiveCfg = Release|Any CPU
		{94194772-8485-4D98-9D85-9A55FF82CE9B}.Release|Any CPU.Build.0 = Release|Any CPU
		{D47709D1-10C5-4305-BE20-7A7FABCB8145}.Debug|Any CPU.ActiveCfg = Debug|Any CPU
		{D47709D1-10C5-4305-BE20-7A7FABCB8145}.Debug|Any CPU.Build.0 = Debug|Any CPU
		{D47709D1-10C5-4305-BE20-7A7FABCB8145}.Release|Any CPU.ActiveCfg = Release|Any CPU
		{D47709D1-10C5-4305-BE20-7A7FABCB8145}.Release|Any CPU.Build.0 = Release|Any CPU
	EndGlobalSection
	GlobalSection(SolutionProperties) = preSolution
		HideSolutionNode = FALSE
	EndGlobalSection
	GlobalSection(ExtensibilityGlobals) = postSolution
		SolutionGuid = {49346F72-9065-4153-B6E0-79A5F8CB4B3E}
	EndGlobalSection
EndGlobal
